
Microsoft Visual Studio Solution File, Format Version 12.00
# Visual Studio Version 17
VisualStudioVersion = 17.6.33829.357
MinimumVisualStudioVersion = 10.0.40219.1
Project("{FAE04EC0-301F-11D3-BF4B-00C04F79EFBC}") = "adad_zoj", "adad_zoj\adad_zoj.csproj", "{16C6ED93-0230-496A-98C1-500E93147BEC}"
EndProject
Global
	GlobalSection(SolutionConfigurationPlatforms) = preSolution
		Debug|Any CPU = Debug|Any CPU
		Release|Any CPU = Release|Any CPU
	EndGlobalSection
	GlobalSection(ProjectConfigurationPlatforms) = postSolution
		{16C6ED93-0230-496A-98C1-500E93147BEC}.Debug|Any CPU.ActiveCfg = Debug|Any CPU
		{16C6ED93-0230-496A-98C1-500E93147BEC}.Debug|Any CPU.Build.0 = Debug|Any CPU
		{16C6ED93-0230-496A-98C1-500E93147BEC}.Release|Any CPU.ActiveCfg = Release|Any CPU
		{16C6ED93-0230-496A-98C1-500E93147BEC}.Release|Any CPU.Build.0 = Release|Any CPU
	EndGlobalSection
	GlobalSection(SolutionProperties) = preSolution
		HideSolutionNode = FALSE
	EndGlobalSection
	GlobalSection(ExtensibilityGlobals) = postSolution
		SolutionGuid = {EAF2EF66-92D5-46FA-BC17-ABB23A434EEB}
	EndGlobalSection
EndGlobal
